
Microsoft Visual Studio Solution File, Format Version 12.00
# Visual Studio Version 16
VisualStudioVersion = 16.0.30413.136
MinimumVisualStudioVersion = 10.0.40219.1
Project("{9A19103F-16F7-4668-BE54-9A1E7A4F7556}") = "CG.DataAnnotations", "CG.DataAnnotations\CG.DataAnnotations.csproj", "{0497B74E-88F3-4ABE-A897-22F70FA330E5}"
EndProject
Project("{FAE04EC0-301F-11D3-BF4B-00C04F79EFBC}") = "CG.DataAnnotations.Tests", "CG.DataAnnotations.Tests\CG.DataAnnotations.Tests.csproj", "{55CD9005-0C06-430D-8929-22CB9D35CB73}"
EndProject
Global
	GlobalSection(SolutionConfigurationPlatforms) = preSolution
		Debug|Any CPU = Debug|Any CPU
		Release|Any CPU = Release|Any CPU
	EndGlobalSection
	GlobalSection(ProjectConfigurationPlatforms) = postSolution
		{0497B74E-88F3-4ABE-A897-22F70FA330E5}.Debug|Any CPU.ActiveCfg = Debug|Any CPU
		{0497B74E-88F3-4ABE-A897-22F70FA330E5}.Debug|Any CPU.Build.0 = Debug|Any CPU
		{0497B74E-88F3-4ABE-A897-22F70FA330E5}.Release|Any CPU.ActiveCfg = Release|Any CPU
		{0497B74E-88F3-4ABE-A897-22F70FA330E5}.Release|Any CPU.Build.0 = Release|Any CPU
		{55CD9005-0C06-430D-8929-22CB9D35CB73}.Debug|Any CPU.ActiveCfg = Debug|Any CPU
		{55CD9005-0C06-430D-8929-22CB9D35CB73}.Debug|Any CPU.Build.0 = Debug|Any CPU
		{55CD9005-0C06-430D-8929-22CB9D35CB73}.Release|Any CPU.ActiveCfg = Release|Any CPU
		{55CD9005-0C06-430D-8929-22CB9D35CB73}.Release|Any CPU.Build.0 = Release|Any CPU
	EndGlobalSection
	GlobalSection(SolutionProperties) = preSolution
		HideSolutionNode = FALSE
	EndGlobalSection
	GlobalSection(ExtensibilityGlobals) = postSolution
		SolutionGuid = {AB191138-A5CF-4082-8F85-45578F52DF15}
	EndGlobalSection
EndGlobal
