
Microsoft Visual Studio Solution File, Format Version 12.00
# Visual Studio Version 16
VisualStudioVersion = 16.0.30717.126
MinimumVisualStudioVersion = 10.0.40219.1
Project("{FAE04EC0-301F-11D3-BF4B-00C04F79EFBC}") = "CG.DataAnnotations.QuickStart", "CG.DataAnnotations.QuickStart.csproj", "{917525B9-3B40-4195-BD93-AE8BFC99BDD8}"
EndProject
Project("{9A19103F-16F7-4668-BE54-9A1E7A4F7556}") = "CG.DataAnnotations", "..\..\src\CG.DataAnnotations\CG.DataAnnotations.csproj", "{D99E58B2-300A-412C-AAF2-E5C3F3AE04C9}"
EndProject
Global
	GlobalSection(SolutionConfigurationPlatforms) = preSolution
		Debug|Any CPU = Debug|Any CPU
		Release|Any CPU = Release|Any CPU
	EndGlobalSection
	GlobalSection(ProjectConfigurationPlatforms) = postSolution
		{917525B9-3B40-4195-BD93-AE8BFC99BDD8}.Debug|Any CPU.ActiveCfg = Debug|Any CPU
		{917525B9-3B40-4195-BD93-AE8BFC99BDD8}.Debug|Any CPU.Build.0 = Debug|Any CPU
		{917525B9-3B40-4195-BD93-AE8BFC99BDD8}.Release|Any CPU.ActiveCfg = Release|Any CPU
		{917525B9-3B40-4195-BD93-AE8BFC99BDD8}.Release|Any CPU.Build.0 = Release|Any CPU
		{D99E58B2-300A-412C-AAF2-E5C3F3AE04C9}.Debug|Any CPU.ActiveCfg = Debug|Any CPU
		{D99E58B2-300A-412C-AAF2-E5C3F3AE04C9}.Debug|Any CPU.Build.0 = Debug|Any CPU
		{D99E58B2-300A-412C-AAF2-E5C3F3AE04C9}.Release|Any CPU.ActiveCfg = Release|Any CPU
		{D99E58B2-300A-412C-AAF2-E5C3F3AE04C9}.Release|Any CPU.Build.0 = Release|Any CPU
	EndGlobalSection
	GlobalSection(SolutionProperties) = preSolution
		HideSolutionNode = FALSE
	EndGlobalSection
	GlobalSection(ExtensibilityGlobals) = postSolution
		SolutionGuid = {9CEF8449-1C87-4C4A-934D-AF3D5E80750A}
	EndGlobalSection
EndGlobal
